
Microsoft Visual Studio Solution File, Format Version 12.00
# Visual Studio Version 16
VisualStudioVersion = 16.0.29025.244
MinimumVisualStudioVersion = 10.0.40219.1
Project("{2150E333-8FDC-42A3-9474-1A3956D46DE8}") = "SFL", "SFL", "{DAF60A0B-7305-47B5-8A0F-C56892F1E423}"
EndProject
Project("{2150E333-8FDC-42A3-9474-1A3956D46DE8}") = "DEM", "DEM", "{DDBB413F-EDD5-4D61-97E5-A48AE8DF958C}"
EndProject
Project("{2150E333-8FDC-42A3-9474-1A3956D46DE8}") = "Common", "Common", "{45E95800-2C05-4039-A213-0DAD3EA96BD7}"
EndProject
Project("{FAE04EC0-301F-11D3-BF4B-00C04F79EFBC}") = "Cobra.KALL14", "DEM\O2Micro.Cobra.KALL14\Cobra.KALL14.csproj", "{E099E749-0434-4B18-A266-6F1F2344B311}"
EndProject
Project("{FAE04EC0-301F-11D3-BF4B-00C04F79EFBC}") = "Cobra.KALL10", "DEM\O2Micro.Cobra.KALL10\Cobra.KALL10.csproj", "{3B1B823E-C69D-4F27-9459-41BA1DF1C538}"
EndProject
Project("{FAE04EC0-301F-11D3-BF4B-00C04F79EFBC}") = "Cobra.KALL17", "DEM\O2Micro.Cobra.KALL17\Cobra.KALL17.csproj", "{D17F4C06-4712-4B51-AF19-584C50C0498D}"
EndProject
Project("{2150E333-8FDC-42A3-9474-1A3956D46DE8}") = "Update", "Update", "{A899652E-BFB3-452D-8FDF-01104C9E135B}"
EndProject
Project("{2150E333-8FDC-42A3-9474-1A3956D46DE8}") = "Resource", "Resource", "{313476C2-2663-4C74-87CD-66DDF62EF36F}"
EndProject
Project("{FAE04EC0-301F-11D3-BF4B-00C04F79EFBC}") = "Cobra.KALL08", "DEM\O2Micro.Cobra.KALL8\Cobra.KALL08.csproj", "{3F1C3CB3-3A57-4E01-AE6F-290FFE967757}"
EndProject
Project("{FAE04EC0-301F-11D3-BF4B-00C04F79EFBC}") = "Cobra.Azalea14", "DEM\O2Micro.Cobra.Azalea14\Cobra.Azalea14.csproj", "{6FE0D090-F648-4D8A-8047-5403A9ECC4E3}"
EndProject
Project("{FAE04EC0-301F-11D3-BF4B-00C04F79EFBC}") = "Cobra.OZ1C601", "DEM\O2Micro.Cobra.OZ1C601\Cobra.OZ1C601.csproj", "{60A40F50-A742-4360-AD38-ACB0A1E85486}"
EndProject
Project("{FAE04EC0-301F-11D3-BF4B-00C04F79EFBC}") = "Cobra.Yeti", "DEM\O2Micro.Cobra.Yeti\Cobra.Yeti.csproj", "{4D1D27E7-522D-4940-97CC-6AC064BED469}"
EndProject
Project("{FAE04EC0-301F-11D3-BF4B-00C04F79EFBC}") = "Cobra.SP8G2", "DEM\O2Micro.Cobra.SP8G2\Cobra.SP8G2.csproj", "{DC11D3FF-63B4-4DBA-BF71-126BDB071D48}"
EndProject
Project("{FAE04EC0-301F-11D3-BF4B-00C04F79EFBC}") = "Cobra.HQG", "DEM\O2Micro.Cobra.HQG\Cobra.HQG.csproj", "{E1FF350C-7274-4DC9-9031-7F6C2EB05C1A}"
EndProject
Project("{FAE04EC0-301F-11D3-BF4B-00C04F79EFBC}") = "Cobra.Woodpecker8", "DEM\O2Micro.Cobra.Woodpecker8\Cobra.Woodpecker8.csproj", "{7373D34E-55D1-4DF7-B5D2-A7B8525DF968}"
EndProject
Project("{FAE04EC0-301F-11D3-BF4B-00C04F79EFBC}") = "Cobra.OZ1C601D", "DEM\O2Micro.Cobra.OZ1C601D\Cobra.OZ1C601D.csproj", "{560ADC03-15B8-4016-961E-ECF8C3EECB37}"
EndProject
Project("{FAE04EC0-301F-11D3-BF4B-00C04F79EFBC}") = "Cobra.OZ2610", "DEM\O2Micro.Cobra.OZ2610\Cobra.OZ2610.csproj", "{29854955-99BF-4A07-9997-B4819A92E9D9}"
EndProject
Project("{FAE04EC0-301F-11D3-BF4B-00C04F79EFBC}") = "Cobra.Woodpecker10", "DEM\O2Micro.Cobra.Woodpecker10\Cobra.Woodpecker10.csproj", "{861A15DF-14C6-4D3D-8CDD-AA3A88635721}"
EndProject
Project("{FAE04EC0-301F-11D3-BF4B-00C04F79EFBC}") = "Cobra.Shell", "Cobra.Shell\Cobra.Shell.csproj", "{9EA4C3C5-E4EB-457B-B3D3-6DB259DF630A}"
EndProject
Project("{FAE04EC0-301F-11D3-BF4B-00C04F79EFBC}") = "Cobra.Common", "Common\Cobra.Common\Cobra.Common.csproj", "{E8AB3957-5744-4656-B21C-A8D8131BB9D2}"
EndProject
Project("{FAE04EC0-301F-11D3-BF4B-00C04F79EFBC}") = "Cobra.ControlLibrary", "Common\Cobra.ControlLibrary\Cobra.ControlLibrary\Cobra.ControlLibrary.csproj", "{4D8A39E7-2BF2-4228-BF46-2F2A10D0545F}"
EndProject
Project("{FAE04EC0-301F-11D3-BF4B-00C04F79EFBC}") = "Cobra.DynamicDataDisplay", "Common\Cobra.DynamicDataDisplay\Cobra.DynamicDataDisplay.csproj", "{ECD37682-DF7E-409F-912D-0965634556B5}"
EndProject
Project("{FAE04EC0-301F-11D3-BF4B-00C04F79EFBC}") = "Cobra.GasGauge", "Common\Cobra.GasGauge\Cobra.GasGauge.csproj", "{A84FED81-A708-446C-9431-8F82F573EC64}"
EndProject
Project("{FAE04EC0-301F-11D3-BF4B-00C04F79EFBC}") = "Cobra.DM", "Cobra.DM\Cobra.DM.csproj", "{D3CF39A7-7A80-43BF-A390-678291D27063}"
EndProject
Project("{FAE04EC0-301F-11D3-BF4B-00C04F79EFBC}") = "Cobra.EM", "Cobra.EM\Cobra.EM.csproj", "{17CD664C-971F-4C6B-A3F3-FE0E170271A3}"
EndProject
Project("{FAE04EC0-301F-11D3-BF4B-00C04F79EFBC}") = "Cobra.Communication", "Cobra.Communication\Cobra.Communication.csproj", "{0115F8CA-9808-4661-981B-F34034CC4808}"
EndProject
Project("{FAE04EC0-301F-11D3-BF4B-00C04F79EFBC}") = "Cobra.Resource", "Resource\Cobra.Resource\Cobra.Resource.csproj", "{1664EEFD-6247-413E-9FE0-6CA34D8CD132}"
EndProject
Project("{FAE04EC0-301F-11D3-BF4B-00C04F79EFBC}") = "Cobra.Center", "..\Update\Cobra.Center\Cobra.Center.csproj", "{D16C0E9B-D001-4725-823F-37AD68AC1DC1}"
EndProject
Project("{FAE04EC0-301F-11D3-BF4B-00C04F79EFBC}") = "Cobra.Update", "..\Update\Cobra.Update\Cobra.Update.csproj", "{8EBC66CF-2782-4CB8-BF13-68328EB9548E}"
EndProject
Project("{FAE04EC0-301F-11D3-BF4B-00C04F79EFBC}") = "Cobra.Images", "Resource\Cobra.Images\Cobra.Images.csproj", "{FD6F458B-3C8C-468D-8D2B-3CD3D1F06CD3}"
EndProject
Project("{FAE04EC0-301F-11D3-BF4B-00C04F79EFBC}") = "Cobra.CCControlPanel", "..\SFL\Cobra.CCControlPanel\Cobra.CCControlPanel.csproj", "{021E6943-A1C5-4D90-B281-216FEEE044C9}"
EndProject
Project("{FAE04EC0-301F-11D3-BF4B-00C04F79EFBC}") = "Cobra.CurrentScan", "..\SFL\Cobra.CurrentScan\Cobra.CurrentScan.csproj", "{D2D66F3F-E721-4158-93CC-D5BC2CE2B933}"
EndProject
Project("{FAE04EC0-301F-11D3-BF4B-00C04F79EFBC}") = "Cobra.DBGPanel", "..\SFL\Cobra.DBGPanel\Cobra.DBGPanel.csproj", "{666DD155-EE9D-4552-A6BE-5A64EFC54AFC}"
EndProject
Project("{FAE04EC0-301F-11D3-BF4B-00C04F79EFBC}") = "Cobra.DeviceConfigurationPanel", "..\SFL\Cobra.DeviceConfiguration\Cobra.DeviceConfigurationPanel.csproj", "{3608FC2B-CE79-4403-87EB-85E25EA32C55}"
EndProject
Project("{FAE04EC0-301F-11D3-BF4B-00C04F79EFBC}") = "Cobra.ExperPanel", "..\SFL\Cobra.ExperPanel\Cobra.ExperPanel.csproj", "{A2429A9E-87F1-434E-B96C-EF6CB3995AD5}"
EndProject
Project("{FAE04EC0-301F-11D3-BF4B-00C04F79EFBC}") = "Cobra.InitPanel", "..\SFL\Cobra.InitPanel\Cobra.InitPanel.csproj", "{A341DF8B-E882-4BC1-85DD-E7D88AF1F423}"
EndProject
Project("{FAE04EC0-301F-11D3-BF4B-00C04F79EFBC}") = "Cobra.MonitorPanel", "..\SFL\Cobra.MonitorPanel\Cobra.MonitorPanel.csproj", "{C94634C8-4EF3-4460-95D1-97519DED7B55}"
EndProject
Project("{FAE04EC0-301F-11D3-BF4B-00C04F79EFBC}") = "Cobra.PreCHGDSGPanel", "..\SFL\Cobra.PreCHGDSGPanel\Cobra.PreCHGDSGPanel.csproj", "{51CEA5A3-603A-44AA-8F35-D2BD31CD5479}"
EndProject
Project("{FAE04EC0-301F-11D3-BF4B-00C04F79EFBC}") = "Cobra.Production", "..\SFL\Cobra.Production\Cobra.Production.csproj", "{A081C052-AF34-4D40-8079-2762183EA195}"
EndProject
Project("{FAE04EC0-301F-11D3-BF4B-00C04F79EFBC}") = "Cobra.SBSPanel", "..\SFL\Cobra.SBSPanel\Cobra.SBSPanel.csproj", "{DD2A4A8B-8454-46F1-8E02-C9FB27B995C7}"
EndProject
Project("{FAE04EC0-301F-11D3-BF4B-00C04F79EFBC}") = "Cobra.ScanPanel", "..\SFL\Cobra.ScanPanel\Cobra.ScanPanel.csproj", "{14E4DF76-DAE6-43BE-B4C1-1C6896E56CDA}"
EndProject
Project("{FAE04EC0-301F-11D3-BF4B-00C04F79EFBC}") = "Cobra.SCSPanel", "..\SFL\Cobra.SCSPanel\Cobra.SCSPanel.csproj", "{3598955A-CBD1-47A8-89C0-4288545C8F39}"
EndProject
Project("{FAE04EC0-301F-11D3-BF4B-00C04F79EFBC}") = "Cobra.SimpleI2CPanel", "..\SFL\Cobra.SimpleI2CPanel\Cobra.SimpleI2CPanel.csproj", "{8789ED42-56B6-4174-9B6A-5A0F3BB5268C}"
EndProject
Project("{FAE04EC0-301F-11D3-BF4B-00C04F79EFBC}") = "Cobra.TableMaker", "..\SFL\Cobra.TableMaker\Cobra.TableMaker.csproj", "{10398045-DF1C-432F-8D45-7C7490F4EEA9}"
EndProject
Project("{FAE04EC0-301F-11D3-BF4B-00C04F79EFBC}") = "Cobra.TrimPanel", "..\SFL\Cobra.TrimPanel\Cobra.TrimPanel.csproj", "{D194F385-80BB-46C8-BA86-DFB8697D81F3}"
EndProject
Project("{FAE04EC0-301F-11D3-BF4B-00C04F79EFBC}") = "Cobra.SD77060", "DEM\O2Micro.Cobra.Wizards\Cobra.SD77060.csproj", "{3C0D77C0-B85D-4783-9054-949659077032}"
EndProject
Global
	GlobalSection(SolutionConfigurationPlatforms) = preSolution
		Debug|Any CPU = Debug|Any CPU
		Debug|Mixed Platforms = Debug|Mixed Platforms
		Debug|x86 = Debug|x86
		Release|Any CPU = Release|Any CPU
		Release|Mixed Platforms = Release|Mixed Platforms
		Release|x86 = Release|x86
	EndGlobalSection
	GlobalSection(ProjectConfigurationPlatforms) = postSolution
		{E099E749-0434-4B18-A266-6F1F2344B311}.Debug|Any CPU.ActiveCfg = Debug|Any CPU
		{E099E749-0434-4B18-A266-6F1F2344B311}.Debug|Any CPU.Build.0 = Debug|Any CPU
		{E099E749-0434-4B18-A266-6F1F2344B311}.Debug|Mixed Platforms.ActiveCfg = Debug|Any CPU
		{E099E749-0434-4B18-A266-6F1F2344B311}.Debug|Mixed Platforms.Build.0 = Debug|Any CPU
		{E099E749-0434-4B18-A266-6F1F2344B311}.Debug|x86.ActiveCfg = Debug|Any CPU
		{E099E749-0434-4B18-A266-6F1F2344B311}.Release|Any CPU.ActiveCfg = Release|Any CPU
		{E099E749-0434-4B18-A266-6F1F2344B311}.Release|Any CPU.Build.0 = Release|Any CPU
		{E099E749-0434-4B18-A266-6F1F2344B311}.Release|Mixed Platforms.ActiveCfg = Release|Any CPU
		{E099E749-0434-4B18-A266-6F1F2344B311}.Release|Mixed Platforms.Build.0 = Release|Any CPU
		{E099E749-0434-4B18-A266-6F1F2344B311}.Release|x86.ActiveCfg = Release|Any CPU
		{3B1B823E-C69D-4F27-9459-41BA1DF1C538}.Debug|Any CPU.ActiveCfg = Debug|Any CPU
		{3B1B823E-C69D-4F27-9459-41BA1DF1C538}.Debug|Any CPU.Build.0 = Debug|Any CPU
		{3B1B823E-C69D-4F27-9459-41BA1DF1C538}.Debug|Mixed Platforms.ActiveCfg = Debug|Any CPU
		{3B1B823E-C69D-4F27-9459-41BA1DF1C538}.Debug|Mixed Platforms.Build.0 = Debug|Any CPU
		{3B1B823E-C69D-4F27-9459-41BA1DF1C538}.Debug|x86.ActiveCfg = Debug|Any CPU
		{3B1B823E-C69D-4F27-9459-41BA1DF1C538}.Release|Any CPU.ActiveCfg = Release|Any CPU
		{3B1B823E-C69D-4F27-9459-41BA1DF1C538}.Release|Any CPU.Build.0 = Release|Any CPU
		{3B1B823E-C69D-4F27-9459-41BA1DF1C538}.Release|Mixed Platforms.ActiveCfg = Release|Any CPU
		{3B1B823E-C69D-4F27-9459-41BA1DF1C538}.Release|Mixed Platforms.Build.0 = Release|Any CPU
		{3B1B823E-C69D-4F27-9459-41BA1DF1C538}.Release|x86.ActiveCfg = Release|Any CPU
		{D17F4C06-4712-4B51-AF19-584C50C0498D}.Debug|Any CPU.ActiveCfg = Debug|Any CPU
		{D17F4C06-4712-4B51-AF19-584C50C0498D}.Debug|Any CPU.Build.0 = Debug|Any CPU
		{D17F4C06-4712-4B51-AF19-584C50C0498D}.Debug|Mixed Platforms.ActiveCfg = Debug|Any CPU
		{D17F4C06-4712-4B51-AF19-584C50C0498D}.Debug|Mixed Platforms.Build.0 = Debug|Any CPU
		{D17F4C06-4712-4B51-AF19-584C50C0498D}.Debug|x86.ActiveCfg = Debug|Any CPU
		{D17F4C06-4712-4B51-AF19-584C50C0498D}.Release|Any CPU.ActiveCfg = Release|Any CPU
		{D17F4C06-4712-4B51-AF19-584C50C0498D}.Release|Mixed Platforms.ActiveCfg = Release|Any CPU
		{D17F4C06-4712-4B51-AF19-584C50C0498D}.Release|x86.ActiveCfg = Release|Any CPU
		{3F1C3CB3-3A57-4E01-AE6F-290FFE967757}.Debug|Any CPU.ActiveCfg = Debug|Any CPU
		{3F1C3CB3-3A57-4E01-AE6F-290FFE967757}.Debug|Mixed Platforms.ActiveCfg = Debug|Any CPU
		{3F1C3CB3-3A57-4E01-AE6F-290FFE967757}.Debug|Mixed Platforms.Build.0 = Debug|Any CPU
		{3F1C3CB3-3A57-4E01-AE6F-290FFE967757}.Debug|x86.ActiveCfg = Debug|Any CPU
		{3F1C3CB3-3A57-4E01-AE6F-290FFE967757}.Release|Any CPU.ActiveCfg = Release|Any CPU
		{3F1C3CB3-3A57-4E01-AE6F-290FFE967757}.Release|Mixed Platforms.ActiveCfg = Release|Any CPU
		{3F1C3CB3-3A57-4E01-AE6F-290FFE967757}.Release|x86.ActiveCfg = Release|Any CPU
		{6FE0D090-F648-4D8A-8047-5403A9ECC4E3}.Debug|Any CPU.ActiveCfg = Debug|Any CPU
		{6FE0D090-F648-4D8A-8047-5403A9ECC4E3}.Debug|Any CPU.Build.0 = Debug|Any CPU
		{6FE0D090-F648-4D8A-8047-5403A9ECC4E3}.Debug|Mixed Platforms.ActiveCfg = Debug|Any CPU
		{6FE0D090-F648-4D8A-8047-5403A9ECC4E3}.Debug|Mixed Platforms.Build.0 = Debug|Any CPU
		{6FE0D090-F648-4D8A-8047-5403A9ECC4E3}.Debug|x86.ActiveCfg = Debug|Any CPU
		{6FE0D090-F648-4D8A-8047-5403A9ECC4E3}.Release|Any CPU.ActiveCfg = Release|Any CPU
		{6FE0D090-F648-4D8A-8047-5403A9ECC4E3}.Release|Any CPU.Build.0 = Release|Any CPU
		{6FE0D090-F648-4D8A-8047-5403A9ECC4E3}.Release|Mixed Platforms.ActiveCfg = Release|Any CPU
		{6FE0D090-F648-4D8A-8047-5403A9ECC4E3}.Release|Mixed Platforms.Build.0 = Release|Any CPU
		{6FE0D090-F648-4D8A-8047-5403A9ECC4E3}.Release|x86.ActiveCfg = Release|Any CPU
		{60A40F50-A742-4360-AD38-ACB0A1E85486}.Debug|Any CPU.ActiveCfg = Debug|Any CPU
		{60A40F50-A742-4360-AD38-ACB0A1E85486}.Debug|Any CPU.Build.0 = Debug|Any CPU
		{60A40F50-A742-4360-AD38-ACB0A1E85486}.Debug|Mixed Platforms.ActiveCfg = Debug|Any CPU
		{60A40F50-A742-4360-AD38-ACB0A1E85486}.Debug|Mixed Platforms.Build.0 = Debug|Any CPU
		{60A40F50-A742-4360-AD38-ACB0A1E85486}.Debug|x86.ActiveCfg = Debug|Any CPU
		{60A40F50-A742-4360-AD38-ACB0A1E85486}.Release|Any CPU.ActiveCfg = Release|Any CPU
		{60A40F50-A742-4360-AD38-ACB0A1E85486}.Release|Any CPU.Build.0 = Release|Any CPU
		{60A40F50-A742-4360-AD38-ACB0A1E85486}.Release|Mixed Platforms.ActiveCfg = Release|Any CPU
		{60A40F50-A742-4360-AD38-ACB0A1E85486}.Release|Mixed Platforms.Build.0 = Release|Any CPU
		{60A40F50-A742-4360-AD38-ACB0A1E85486}.Release|x86.ActiveCfg = Release|Any CPU
		{4D1D27E7-522D-4940-97CC-6AC064BED469}.Debug|Any CPU.ActiveCfg = Debug|Any CPU
		{4D1D27E7-522D-4940-97CC-6AC064BED469}.Debug|Any CPU.Build.0 = Debug|Any CPU
		{4D1D27E7-522D-4940-97CC-6AC064BED469}.Debug|Mixed Platforms.ActiveCfg = Debug|Any CPU
		{4D1D27E7-522D-4940-97CC-6AC064BED469}.Debug|Mixed Platforms.Build.0 = Debug|Any CPU
		{4D1D27E7-522D-4940-97CC-6AC064BED469}.Debug|x86.ActiveCfg = Debug|Any CPU
		{4D1D27E7-522D-4940-97CC-6AC064BED469}.Release|Any CPU.ActiveCfg = Release|Any CPU
		{4D1D27E7-522D-4940-97CC-6AC064BED469}.Release|Any CPU.Build.0 = Release|Any CPU
		{4D1D27E7-522D-4940-97CC-6AC064BED469}.Release|Mixed Platforms.ActiveCfg = Release|Any CPU
		{4D1D27E7-522D-4940-97CC-6AC064BED469}.Release|Mixed Platforms.Build.0 = Release|Any CPU
		{4D1D27E7-522D-4940-97CC-6AC064BED469}.Release|x86.ActiveCfg = Release|Any CPU
		{DC11D3FF-63B4-4DBA-BF71-126BDB071D48}.Debug|Any CPU.ActiveCfg = Debug|Any CPU
		{DC11D3FF-63B4-4DBA-BF71-126BDB071D48}.Debug|Any CPU.Build.0 = Debug|Any CPU
		{DC11D3FF-63B4-4DBA-BF71-126BDB071D48}.Debug|Mixed Platforms.ActiveCfg = Debug|Any CPU
		{DC11D3FF-63B4-4DBA-BF71-126BDB071D48}.Debug|Mixed Platforms.Build.0 = Debug|Any CPU
		{DC11D3FF-63B4-4DBA-BF71-126BDB071D48}.Debug|x86.ActiveCfg = Debug|Any CPU
		{DC11D3FF-63B4-4DBA-BF71-126BDB071D48}.Release|Any CPU.ActiveCfg = Release|Any CPU
		{DC11D3FF-63B4-4DBA-BF71-126BDB071D48}.Release|Any CPU.Build.0 = Release|Any CPU
		{DC11D3FF-63B4-4DBA-BF71-126BDB071D48}.Release|Mixed Platforms.ActiveCfg = Release|Any CPU
		{DC11D3FF-63B4-4DBA-BF71-126BDB071D48}.Release|Mixed Platforms.Build.0 = Release|Any CPU
		{DC11D3FF-63B4-4DBA-BF71-126BDB071D48}.Release|x86.ActiveCfg = Release|Any CPU
		{E1FF350C-7274-4DC9-9031-7F6C2EB05C1A}.Debug|Any CPU.ActiveCfg = Debug|Any CPU
		{E1FF350C-7274-4DC9-9031-7F6C2EB05C1A}.Debug|Any CPU.Build.0 = Debug|Any CPU
		{E1FF350C-7274-4DC9-9031-7F6C2EB05C1A}.Debug|Mixed Platforms.ActiveCfg = Debug|Any CPU
		{E1FF350C-7274-4DC9-9031-7F6C2EB05C1A}.Debug|Mixed Platforms.Build.0 = Debug|Any CPU
		{E1FF350C-7274-4DC9-9031-7F6C2EB05C1A}.Debug|x86.ActiveCfg = Debug|Any CPU
		{E1FF350C-7274-4DC9-9031-7F6C2EB05C1A}.Release|Any CPU.ActiveCfg = Release|Any CPU
		{E1FF350C-7274-4DC9-9031-7F6C2EB05C1A}.Release|Any CPU.Build.0 = Release|Any CPU
		{E1FF350C-7274-4DC9-9031-7F6C2EB05C1A}.Release|Mixed Platforms.ActiveCfg = Release|Any CPU
		{E1FF350C-7274-4DC9-9031-7F6C2EB05C1A}.Release|Mixed Platforms.Build.0 = Release|Any CPU
		{E1FF350C-7274-4DC9-9031-7F6C2EB05C1A}.Release|x86.ActiveCfg = Release|Any CPU
		{7373D34E-55D1-4DF7-B5D2-A7B8525DF968}.Debug|Any CPU.ActiveCfg = Debug|Any CPU
		{7373D34E-55D1-4DF7-B5D2-A7B8525DF968}.Debug|Any CPU.Build.0 = Debug|Any CPU
		{7373D34E-55D1-4DF7-B5D2-A7B8525DF968}.Debug|Mixed Platforms.ActiveCfg = Debug|Any CPU
		{7373D34E-55D1-4DF7-B5D2-A7B8525DF968}.Debug|Mixed Platforms.Build.0 = Debug|Any CPU
		{7373D34E-55D1-4DF7-B5D2-A7B8525DF968}.Debug|x86.ActiveCfg = Debug|Any CPU
		{7373D34E-55D1-4DF7-B5D2-A7B8525DF968}.Release|Any CPU.ActiveCfg = Release|Any CPU
		{7373D34E-55D1-4DF7-B5D2-A7B8525DF968}.Release|Any CPU.Build.0 = Release|Any CPU
		{7373D34E-55D1-4DF7-B5D2-A7B8525DF968}.Release|Mixed Platforms.ActiveCfg = Release|Any CPU
		{7373D34E-55D1-4DF7-B5D2-A7B8525DF968}.Release|Mixed Platforms.Build.0 = Release|Any CPU
		{7373D34E-55D1-4DF7-B5D2-A7B8525DF968}.Release|x86.ActiveCfg = Release|Any CPU
		{560ADC03-15B8-4016-961E-ECF8C3EECB37}.Debug|Any CPU.ActiveCfg = Debug|Any CPU
		{560ADC03-15B8-4016-961E-ECF8C3EECB37}.Debug|Any CPU.Build.0 = Debug|Any CPU
		{560ADC03-15B8-4016-961E-ECF8C3EECB37}.Debug|Mixed Platforms.ActiveCfg = Debug|Any CPU
		{560ADC03-15B8-4016-961E-ECF8C3EECB37}.Debug|Mixed Platforms.Build.0 = Debug|Any CPU
		{560ADC03-15B8-4016-961E-ECF8C3EECB37}.Debug|x86.ActiveCfg = Debug|Any CPU
		{560ADC03-15B8-4016-961E-ECF8C3EECB37}.Debug|x86.Build.0 = Debug|Any CPU
		{560ADC03-15B8-4016-961E-ECF8C3EECB37}.Release|Any CPU.ActiveCfg = Release|Any CPU
		{560ADC03-15B8-4016-961E-ECF8C3EECB37}.Release|Any CPU.Build.0 = Release|Any CPU
		{560ADC03-15B8-4016-961E-ECF8C3EECB37}.Release|Mixed Platforms.ActiveCfg = Release|Any CPU
		{560ADC03-15B8-4016-961E-ECF8C3EECB37}.Release|Mixed Platforms.Build.0 = Release|Any CPU
		{560ADC03-15B8-4016-961E-ECF8C3EECB37}.Release|x86.ActiveCfg = Release|Any CPU
		{560ADC03-15B8-4016-961E-ECF8C3EECB37}.Release|x86.Build.0 = Release|Any CPU
		{29854955-99BF-4A07-9997-B4819A92E9D9}.Debug|Any CPU.ActiveCfg = Debug|Any CPU
		{29854955-99BF-4A07-9997-B4819A92E9D9}.Debug|Any CPU.Build.0 = Debug|Any CPU
		{29854955-99BF-4A07-9997-B4819A92E9D9}.Debug|Mixed Platforms.ActiveCfg = Debug|Any CPU
		{29854955-99BF-4A07-9997-B4819A92E9D9}.Debug|Mixed Platforms.Build.0 = Debug|Any CPU
		{29854955-99BF-4A07-9997-B4819A92E9D9}.Debug|x86.ActiveCfg = Debug|Any CPU
		{29854955-99BF-4A07-9997-B4819A92E9D9}.Debug|x86.Build.0 = Debug|Any CPU
		{29854955-99BF-4A07-9997-B4819A92E9D9}.Release|Any CPU.ActiveCfg = Release|Any CPU
		{29854955-99BF-4A07-9997-B4819A92E9D9}.Release|Any CPU.Build.0 = Release|Any CPU
		{29854955-99BF-4A07-9997-B4819A92E9D9}.Release|Mixed Platforms.ActiveCfg = Release|Any CPU
		{29854955-99BF-4A07-9997-B4819A92E9D9}.Release|Mixed Platforms.Build.0 = Release|Any CPU
		{29854955-99BF-4A07-9997-B4819A92E9D9}.Release|x86.ActiveCfg = Release|Any CPU
		{29854955-99BF-4A07-9997-B4819A92E9D9}.Release|x86.Build.0 = Release|Any CPU
		{861A15DF-14C6-4D3D-8CDD-AA3A88635721}.Debug|Any CPU.ActiveCfg = Debug|Any CPU
		{861A15DF-14C6-4D3D-8CDD-AA3A88635721}.Debug|Any CPU.Build.0 = Debug|Any CPU
		{861A15DF-14C6-4D3D-8CDD-AA3A88635721}.Debug|Mixed Platforms.ActiveCfg = Debug|Any CPU
		{861A15DF-14C6-4D3D-8CDD-AA3A88635721}.Debug|Mixed Platforms.Build.0 = Debug|Any CPU
		{861A15DF-14C6-4D3D-8CDD-AA3A88635721}.Debug|x86.ActiveCfg = Debug|Any CPU
		{861A15DF-14C6-4D3D-8CDD-AA3A88635721}.Debug|x86.Build.0 = Debug|Any CPU
		{861A15DF-14C6-4D3D-8CDD-AA3A88635721}.Release|Any CPU.ActiveCfg = Release|Any CPU
		{861A15DF-14C6-4D3D-8CDD-AA3A88635721}.Release|Any CPU.Build.0 = Release|Any CPU
		{861A15DF-14C6-4D3D-8CDD-AA3A88635721}.Release|Mixed Platforms.ActiveCfg = Release|Any CPU
		{861A15DF-14C6-4D3D-8CDD-AA3A88635721}.Release|Mixed Platforms.Build.0 = Release|Any CPU
		{861A15DF-14C6-4D3D-8CDD-AA3A88635721}.Release|x86.ActiveCfg = Release|Any CPU
		{861A15DF-14C6-4D3D-8CDD-AA3A88635721}.Release|x86.Build.0 = Release|Any CPU
		{9EA4C3C5-E4EB-457B-B3D3-6DB259DF630A}.Debug|Any CPU.ActiveCfg = Debug|x86
		{9EA4C3C5-E4EB-457B-B3D3-6DB259DF630A}.Debug|Mixed Platforms.ActiveCfg = Debug|x86
		{9EA4C3C5-E4EB-457B-B3D3-6DB259DF630A}.Debug|Mixed Platforms.Build.0 = Debug|x86
		{9EA4C3C5-E4EB-457B-B3D3-6DB259DF630A}.Debug|x86.ActiveCfg = Debug|x86
		{9EA4C3C5-E4EB-457B-B3D3-6DB259DF630A}.Debug|x86.Build.0 = Debug|x86
		{9EA4C3C5-E4EB-457B-B3D3-6DB259DF630A}.Release|Any CPU.ActiveCfg = Release|x86
		{9EA4C3C5-E4EB-457B-B3D3-6DB259DF630A}.Release|Mixed Platforms.ActiveCfg = Release|x86
		{9EA4C3C5-E4EB-457B-B3D3-6DB259DF630A}.Release|Mixed Platforms.Build.0 = Release|x86
		{9EA4C3C5-E4EB-457B-B3D3-6DB259DF630A}.Release|x86.ActiveCfg = Release|x86
		{9EA4C3C5-E4EB-457B-B3D3-6DB259DF630A}.Release|x86.Build.0 = Release|x86
		{E8AB3957-5744-4656-B21C-A8D8131BB9D2}.Debug|Any CPU.ActiveCfg = Debug|Any CPU
		{E8AB3957-5744-4656-B21C-A8D8131BB9D2}.Debug|Any CPU.Build.0 = Debug|Any CPU
		{E8AB3957-5744-4656-B21C-A8D8131BB9D2}.Debug|Mixed Platforms.ActiveCfg = Debug|Any CPU
		{E8AB3957-5744-4656-B21C-A8D8131BB9D2}.Debug|Mixed Platforms.Build.0 = Debug|Any CPU
		{E8AB3957-5744-4656-B21C-A8D8131BB9D2}.Debug|x86.ActiveCfg = Debug|Any CPU
		{E8AB3957-5744-4656-B21C-A8D8131BB9D2}.Debug|x86.Build.0 = Debug|Any CPU
		{E8AB3957-5744-4656-B21C-A8D8131BB9D2}.Release|Any CPU.ActiveCfg = Release|Any CPU
		{E8AB3957-5744-4656-B21C-A8D8131BB9D2}.Release|Any CPU.Build.0 = Release|Any CPU
		{E8AB3957-5744-4656-B21C-A8D8131BB9D2}.Release|Mixed Platforms.ActiveCfg = Release|Any CPU
		{E8AB3957-5744-4656-B21C-A8D8131BB9D2}.Release|Mixed Platforms.Build.0 = Release|Any CPU
		{E8AB3957-5744-4656-B21C-A8D8131BB9D2}.Release|x86.ActiveCfg = Release|Any CPU
		{E8AB3957-5744-4656-B21C-A8D8131BB9D2}.Release|x86.Build.0 = Release|Any CPU
		{4D8A39E7-2BF2-4228-BF46-2F2A10D0545F}.Debug|Any CPU.ActiveCfg = Debug|Any CPU
		{4D8A39E7-2BF2-4228-BF46-2F2A10D0545F}.Debug|Any CPU.Build.0 = Debug|Any CPU
		{4D8A39E7-2BF2-4228-BF46-2F2A10D0545F}.Debug|Mixed Platforms.ActiveCfg = Debug|Any CPU
		{4D8A39E7-2BF2-4228-BF46-2F2A10D0545F}.Debug|Mixed Platforms.Build.0 = Debug|Any CPU
		{4D8A39E7-2BF2-4228-BF46-2F2A10D0545F}.Debug|x86.ActiveCfg = Debug|Any CPU
		{4D8A39E7-2BF2-4228-BF46-2F2A10D0545F}.Debug|x86.Build.0 = Debug|Any CPU
		{4D8A39E7-2BF2-4228-BF46-2F2A10D0545F}.Release|Any CPU.ActiveCfg = Release|Any CPU
		{4D8A39E7-2BF2-4228-BF46-2F2A10D0545F}.Release|Any CPU.Build.0 = Release|Any CPU
		{4D8A39E7-2BF2-4228-BF46-2F2A10D0545F}.Release|Mixed Platforms.ActiveCfg = Release|Any CPU
		{4D8A39E7-2BF2-4228-BF46-2F2A10D0545F}.Release|Mixed Platforms.Build.0 = Release|Any CPU
		{4D8A39E7-2BF2-4228-BF46-2F2A10D0545F}.Release|x86.ActiveCfg = Release|Any CPU
		{4D8A39E7-2BF2-4228-BF46-2F2A10D0545F}.Release|x86.Build.0 = Release|Any CPU
		{ECD37682-DF7E-409F-912D-0965634556B5}.Debug|Any CPU.ActiveCfg = Debug|Any CPU
		{ECD37682-DF7E-409F-912D-0965634556B5}.Debug|Any CPU.Build.0 = Debug|Any CPU
		{ECD37682-DF7E-409F-912D-0965634556B5}.Debug|Mixed Platforms.ActiveCfg = Debug|Any CPU
		{ECD37682-DF7E-409F-912D-0965634556B5}.Debug|Mixed Platforms.Build.0 = Debug|Any CPU
		{ECD37682-DF7E-409F-912D-0965634556B5}.Debug|x86.ActiveCfg = Debug|Any CPU
		{ECD37682-DF7E-409F-912D-0965634556B5}.Debug|x86.Build.0 = Debug|Any CPU
		{ECD37682-DF7E-409F-912D-0965634556B5}.Release|Any CPU.ActiveCfg = Release|Any CPU
		{ECD37682-DF7E-409F-912D-0965634556B5}.Release|Any CPU.Build.0 = Release|Any CPU
		{ECD37682-DF7E-409F-912D-0965634556B5}.Release|Mixed Platforms.ActiveCfg = Release|Any CPU
		{ECD37682-DF7E-409F-912D-0965634556B5}.Release|Mixed Platforms.Build.0 = Release|Any CPU
		{ECD37682-DF7E-409F-912D-0965634556B5}.Release|x86.ActiveCfg = Release|Any CPU
		{ECD37682-DF7E-409F-912D-0965634556B5}.Release|x86.Build.0 = Release|Any CPU
		{A84FED81-A708-446C-9431-8F82F573EC64}.Debug|Any CPU.ActiveCfg = Debug|x86
		{A84FED81-A708-446C-9431-8F82F573EC64}.Debug|Mixed Platforms.ActiveCfg = Debug|x86
		{A84FED81-A708-446C-9431-8F82F573EC64}.Debug|Mixed Platforms.Build.0 = Debug|x86
		{A84FED81-A708-446C-9431-8F82F573EC64}.Debug|x86.ActiveCfg = Debug|x86
		{A84FED81-A708-446C-9431-8F82F573EC64}.Debug|x86.Build.0 = Debug|x86
		{A84FED81-A708-446C-9431-8F82F573EC64}.Release|Any CPU.ActiveCfg = Release|x86
		{A84FED81-A708-446C-9431-8F82F573EC64}.Release|Mixed Platforms.ActiveCfg = Release|x86
		{A84FED81-A708-446C-9431-8F82F573EC64}.Release|Mixed Platforms.Build.0 = Release|x86
		{A84FED81-A708-446C-9431-8F82F573EC64}.Release|x86.ActiveCfg = Release|x86
		{A84FED81-A708-446C-9431-8F82F573EC64}.Release|x86.Build.0 = Release|x86
		{D3CF39A7-7A80-43BF-A390-678291D27063}.Debug|Any CPU.ActiveCfg = Debug|Any CPU
		{D3CF39A7-7A80-43BF-A390-678291D27063}.Debug|Any CPU.Build.0 = Debug|Any CPU
		{D3CF39A7-7A80-43BF-A390-678291D27063}.Debug|Mixed Platforms.ActiveCfg = Debug|Any CPU
		{D3CF39A7-7A80-43BF-A390-678291D27063}.Debug|Mixed Platforms.Build.0 = Debug|Any CPU
		{D3CF39A7-7A80-43BF-A390-678291D27063}.Debug|x86.ActiveCfg = Debug|Any CPU
		{D3CF39A7-7A80-43BF-A390-678291D27063}.Debug|x86.Build.0 = Debug|Any CPU
		{D3CF39A7-7A80-43BF-A390-678291D27063}.Release|Any CPU.ActiveCfg = Release|Any CPU
		{D3CF39A7-7A80-43BF-A390-678291D27063}.Release|Any CPU.Build.0 = Release|Any CPU
		{D3CF39A7-7A80-43BF-A390-678291D27063}.Release|Mixed Platforms.ActiveCfg = Release|Any CPU
		{D3CF39A7-7A80-43BF-A390-678291D27063}.Release|Mixed Platforms.Build.0 = Release|Any CPU
		{D3CF39A7-7A80-43BF-A390-678291D27063}.Release|x86.ActiveCfg = Release|Any CPU
		{D3CF39A7-7A80-43BF-A390-678291D27063}.Release|x86.Build.0 = Release|Any CPU
		{17CD664C-971F-4C6B-A3F3-FE0E170271A3}.Debug|Any CPU.ActiveCfg = Debug|Any CPU
		{17CD664C-971F-4C6B-A3F3-FE0E170271A3}.Debug|Any CPU.Build.0 = Debug|Any CPU
		{17CD664C-971F-4C6B-A3F3-FE0E170271A3}.Debug|Mixed Platforms.ActiveCfg = Debug|Any CPU
		{17CD664C-971F-4C6B-A3F3-FE0E170271A3}.Debug|Mixed Platforms.Build.0 = Debug|Any CPU
		{17CD664C-971F-4C6B-A3F3-FE0E170271A3}.Debug|x86.ActiveCfg = Debug|Any CPU
		{17CD664C-971F-4C6B-A3F3-FE0E170271A3}.Debug|x86.Build.0 = Debug|Any CPU
		{17CD664C-971F-4C6B-A3F3-FE0E170271A3}.Release|Any CPU.ActiveCfg = Release|Any CPU
		{17CD664C-971F-4C6B-A3F3-FE0E170271A3}.Release|Any CPU.Build.0 = Release|Any CPU
		{17CD664C-971F-4C6B-A3F3-FE0E170271A3}.Release|Mixed Platforms.ActiveCfg = Release|Any CPU
		{17CD664C-971F-4C6B-A3F3-FE0E170271A3}.Release|Mixed Platforms.Build.0 = Release|Any CPU
		{17CD664C-971F-4C6B-A3F3-FE0E170271A3}.Release|x86.ActiveCfg = Release|Any CPU
		{17CD664C-971F-4C6B-A3F3-FE0E170271A3}.Release|x86.Build.0 = Release|Any CPU
		{0115F8CA-9808-4661-981B-F34034CC4808}.Debug|Any CPU.ActiveCfg = Debug|Any CPU
		{0115F8CA-9808-4661-981B-F34034CC4808}.Debug|Any CPU.Build.0 = Debug|Any CPU
		{0115F8CA-9808-4661-981B-F34034CC4808}.Debug|Mixed Platforms.ActiveCfg = Debug|Any CPU
		{0115F8CA-9808-4661-981B-F34034CC4808}.Debug|Mixed Platforms.Build.0 = Debug|Any CPU
		{0115F8CA-9808-4661-981B-F34034CC4808}.Debug|x86.ActiveCfg = Debug|Any CPU
		{0115F8CA-9808-4661-981B-F34034CC4808}.Debug|x86.Build.0 = Debug|Any CPU
		{0115F8CA-9808-4661-981B-F34034CC4808}.Release|Any CPU.ActiveCfg = Release|Any CPU
		{0115F8CA-9808-4661-981B-F34034CC4808}.Release|Any CPU.Build.0 = Release|Any CPU
		{0115F8CA-9808-4661-981B-F34034CC4808}.Release|Mixed Platforms.ActiveCfg = Release|Any CPU
		{0115F8CA-9808-4661-981B-F34034CC4808}.Release|Mixed Platforms.Build.0 = Release|Any CPU
		{0115F8CA-9808-4661-981B-F34034CC4808}.Release|x86.ActiveCfg = Release|Any CPU
		{0115F8CA-9808-4661-981B-F34034CC4808}.Release|x86.Build.0 = Release|Any CPU
		{1664EEFD-6247-413E-9FE0-6CA34D8CD132}.Debug|Any CPU.ActiveCfg = Debug|Any CPU
		{1664EEFD-6247-413E-9FE0-6CA34D8CD132}.Debug|Any CPU.Build.0 = Debug|Any CPU
		{1664EEFD-6247-413E-9FE0-6CA34D8CD132}.Debug|Mixed Platforms.ActiveCfg = Debug|Any CPU
		{1664EEFD-6247-413E-9FE0-6CA34D8CD132}.Debug|Mixed Platforms.Build.0 = Debug|Any CPU
		{1664EEFD-6247-413E-9FE0-6CA34D8CD132}.Debug|x86.ActiveCfg = Debug|Any CPU
		{1664EEFD-6247-413E-9FE0-6CA34D8CD132}.Debug|x86.Build.0 = Debug|Any CPU
		{1664EEFD-6247-413E-9FE0-6CA34D8CD132}.Release|Any CPU.ActiveCfg = Release|Any CPU
		{1664EEFD-6247-413E-9FE0-6CA34D8CD132}.Release|Any CPU.Build.0 = Release|Any CPU
		{1664EEFD-6247-413E-9FE0-6CA34D8CD132}.Release|Mixed Platforms.ActiveCfg = Release|Any CPU
		{1664EEFD-6247-413E-9FE0-6CA34D8CD132}.Release|Mixed Platforms.Build.0 = Release|Any CPU
		{1664EEFD-6247-413E-9FE0-6CA34D8CD132}.Release|x86.ActiveCfg = Release|Any CPU
		{1664EEFD-6247-413E-9FE0-6CA34D8CD132}.Release|x86.Build.0 = Release|Any CPU
		{D16C0E9B-D001-4725-823F-37AD68AC1DC1}.Debug|Any CPU.ActiveCfg = Debug|Any CPU
		{D16C0E9B-D001-4725-823F-37AD68AC1DC1}.Debug|Any CPU.Build.0 = Debug|Any CPU
		{D16C0E9B-D001-4725-823F-37AD68AC1DC1}.Debug|Mixed Platforms.ActiveCfg = Debug|Any CPU
		{D16C0E9B-D001-4725-823F-37AD68AC1DC1}.Debug|Mixed Platforms.Build.0 = Debug|Any CPU
		{D16C0E9B-D001-4725-823F-37AD68AC1DC1}.Debug|x86.ActiveCfg = Debug|Any CPU
		{D16C0E9B-D001-4725-823F-37AD68AC1DC1}.Debug|x86.Build.0 = Debug|Any CPU
		{D16C0E9B-D001-4725-823F-37AD68AC1DC1}.Release|Any CPU.ActiveCfg = Release|Any CPU
		{D16C0E9B-D001-4725-823F-37AD68AC1DC1}.Release|Any CPU.Build.0 = Release|Any CPU
		{D16C0E9B-D001-4725-823F-37AD68AC1DC1}.Release|Mixed Platforms.ActiveCfg = Release|Any CPU
		{D16C0E9B-D001-4725-823F-37AD68AC1DC1}.Release|Mixed Platforms.Build.0 = Release|Any CPU
		{D16C0E9B-D001-4725-823F-37AD68AC1DC1}.Release|x86.ActiveCfg = Release|Any CPU
		{D16C0E9B-D001-4725-823F-37AD68AC1DC1}.Release|x86.Build.0 = Release|Any CPU
		{8EBC66CF-2782-4CB8-BF13-68328EB9548E}.Debug|Any CPU.ActiveCfg = Debug|x86
		{8EBC66CF-2782-4CB8-BF13-68328EB9548E}.Debug|Mixed Platforms.ActiveCfg = Debug|x86
		{8EBC66CF-2782-4CB8-BF13-68328EB9548E}.Debug|Mixed Platforms.Build.0 = Debug|x86
		{8EBC66CF-2782-4CB8-BF13-68328EB9548E}.Debug|x86.ActiveCfg = Debug|x86
		{8EBC66CF-2782-4CB8-BF13-68328EB9548E}.Debug|x86.Build.0 = Debug|x86
		{8EBC66CF-2782-4CB8-BF13-68328EB9548E}.Release|Any CPU.ActiveCfg = Release|x86
		{8EBC66CF-2782-4CB8-BF13-68328EB9548E}.Release|Mixed Platforms.ActiveCfg = Release|x86
		{8EBC66CF-2782-4CB8-BF13-68328EB9548E}.Release|Mixed Platforms.Build.0 = Release|x86
		{8EBC66CF-2782-4CB8-BF13-68328EB9548E}.Release|x86.ActiveCfg = Release|x86
		{8EBC66CF-2782-4CB8-BF13-68328EB9548E}.Release|x86.Build.0 = Release|x86
		{FD6F458B-3C8C-468D-8D2B-3CD3D1F06CD3}.Debug|Any CPU.ActiveCfg = Debug|Any CPU
		{FD6F458B-3C8C-468D-8D2B-3CD3D1F06CD3}.Debug|Any CPU.Build.0 = Debug|Any CPU
		{FD6F458B-3C8C-468D-8D2B-3CD3D1F06CD3}.Debug|Mixed Platforms.ActiveCfg = Debug|Any CPU
		{FD6F458B-3C8C-468D-8D2B-3CD3D1F06CD3}.Debug|Mixed Platforms.Build.0 = Debug|Any CPU
		{FD6F458B-3C8C-468D-8D2B-3CD3D1F06CD3}.Debug|x86.ActiveCfg = Debug|Any CPU
		{FD6F458B-3C8C-468D-8D2B-3CD3D1F06CD3}.Debug|x86.Build.0 = Debug|Any CPU
		{FD6F458B-3C8C-468D-8D2B-3CD3D1F06CD3}.Release|Any CPU.ActiveCfg = Release|Any CPU
		{FD6F458B-3C8C-468D-8D2B-3CD3D1F06CD3}.Release|Any CPU.Build.0 = Release|Any CPU
		{FD6F458B-3C8C-468D-8D2B-3CD3D1F06CD3}.Release|Mixed Platforms.ActiveCfg = Release|Any CPU
		{FD6F458B-3C8C-468D-8D2B-3CD3D1F06CD3}.Release|Mixed Platforms.Build.0 = Release|Any CPU
		{FD6F458B-3C8C-468D-8D2B-3CD3D1F06CD3}.Release|x86.ActiveCfg = Release|Any CPU
		{FD6F458B-3C8C-468D-8D2B-3CD3D1F06CD3}.Release|x86.Build.0 = Release|Any CPU
		{021E6943-A1C5-4D90-B281-216FEEE044C9}.Debug|Any CPU.ActiveCfg = Debug|Any CPU
		{021E6943-A1C5-4D90-B281-216FEEE044C9}.Debug|Any CPU.Build.0 = Debug|Any CPU
		{021E6943-A1C5-4D90-B281-216FEEE044C9}.Debug|Mixed Platforms.ActiveCfg = Debug|Any CPU
		{021E6943-A1C5-4D90-B281-216FEEE044C9}.Debug|Mixed Platforms.Build.0 = Debug|Any CPU
		{021E6943-A1C5-4D90-B281-216FEEE044C9}.Debug|x86.ActiveCfg = Debug|Any CPU
		{021E6943-A1C5-4D90-B281-216FEEE044C9}.Debug|x86.Build.0 = Debug|Any CPU
		{021E6943-A1C5-4D90-B281-216FEEE044C9}.Release|Any CPU.ActiveCfg = Release|Any CPU
		{021E6943-A1C5-4D90-B281-216FEEE044C9}.Release|Any CPU.Build.0 = Release|Any CPU
		{021E6943-A1C5-4D90-B281-216FEEE044C9}.Release|Mixed Platforms.ActiveCfg = Release|Any CPU
		{021E6943-A1C5-4D90-B281-216FEEE044C9}.Release|Mixed Platforms.Build.0 = Release|Any CPU
		{021E6943-A1C5-4D90-B281-216FEEE044C9}.Release|x86.ActiveCfg = Release|Any CPU
		{021E6943-A1C5-4D90-B281-216FEEE044C9}.Release|x86.Build.0 = Release|Any CPU
		{D2D66F3F-E721-4158-93CC-D5BC2CE2B933}.Debug|Any CPU.ActiveCfg = Debug|Any CPU
		{D2D66F3F-E721-4158-93CC-D5BC2CE2B933}.Debug|Any CPU.Build.0 = Debug|Any CPU
		{D2D66F3F-E721-4158-93CC-D5BC2CE2B933}.Debug|Mixed Platforms.ActiveCfg = Debug|Any CPU
		{D2D66F3F-E721-4158-93CC-D5BC2CE2B933}.Debug|Mixed Platforms.Build.0 = Debug|Any CPU
		{D2D66F3F-E721-4158-93CC-D5BC2CE2B933}.Debug|x86.ActiveCfg = Debug|Any CPU
		{D2D66F3F-E721-4158-93CC-D5BC2CE2B933}.Debug|x86.Build.0 = Debug|Any CPU
		{D2D66F3F-E721-4158-93CC-D5BC2CE2B933}.Release|Any CPU.ActiveCfg = Release|Any CPU
		{D2D66F3F-E721-4158-93CC-D5BC2CE2B933}.Release|Any CPU.Build.0 = Release|Any CPU
		{D2D66F3F-E721-4158-93CC-D5BC2CE2B933}.Release|Mixed Platforms.ActiveCfg = Release|Any CPU
		{D2D66F3F-E721-4158-93CC-D5BC2CE2B933}.Release|Mixed Platforms.Build.0 = Release|Any CPU
		{D2D66F3F-E721-4158-93CC-D5BC2CE2B933}.Release|x86.ActiveCfg = Release|Any CPU
		{D2D66F3F-E721-4158-93CC-D5BC2CE2B933}.Release|x86.Build.0 = Release|Any CPU
		{666DD155-EE9D-4552-A6BE-5A64EFC54AFC}.Debug|Any CPU.ActiveCfg = Debug|Any CPU
		{666DD155-EE9D-4552-A6BE-5A64EFC54AFC}.Debug|Any CPU.Build.0 = Debug|Any CPU
		{666DD155-EE9D-4552-A6BE-5A64EFC54AFC}.Debug|Mixed Platforms.ActiveCfg = Debug|Any CPU
		{666DD155-EE9D-4552-A6BE-5A64EFC54AFC}.Debug|Mixed Platforms.Build.0 = Debug|Any CPU
		{666DD155-EE9D-4552-A6BE-5A64EFC54AFC}.Debug|x86.ActiveCfg = Debug|Any CPU
		{666DD155-EE9D-4552-A6BE-5A64EFC54AFC}.Debug|x86.Build.0 = Debug|Any CPU
		{666DD155-EE9D-4552-A6BE-5A64EFC54AFC}.Release|Any CPU.ActiveCfg = Release|Any CPU
		{666DD155-EE9D-4552-A6BE-5A64EFC54AFC}.Release|Any CPU.Build.0 = Release|Any CPU
		{666DD155-EE9D-4552-A6BE-5A64EFC54AFC}.Release|Mixed Platforms.ActiveCfg = Release|Any CPU
		{666DD155-EE9D-4552-A6BE-5A64EFC54AFC}.Release|Mixed Platforms.Build.0 = Release|Any CPU
		{666DD155-EE9D-4552-A6BE-5A64EFC54AFC}.Release|x86.ActiveCfg = Release|Any CPU
		{666DD155-EE9D-4552-A6BE-5A64EFC54AFC}.Release|x86.Build.0 = Release|Any CPU
		{3608FC2B-CE79-4403-87EB-85E25EA32C55}.Debug|Any CPU.ActiveCfg = Debug|Any CPU
		{3608FC2B-CE79-4403-87EB-85E25EA32C55}.Debug|Any CPU.Build.0 = Debug|Any CPU
		{3608FC2B-CE79-4403-87EB-85E25EA32C55}.Debug|Mixed Platforms.ActiveCfg = Debug|Any CPU
		{3608FC2B-CE79-4403-87EB-85E25EA32C55}.Debug|Mixed Platforms.Build.0 = Debug|Any CPU
		{3608FC2B-CE79-4403-87EB-85E25EA32C55}.Debug|x86.ActiveCfg = Debug|Any CPU
		{3608FC2B-CE79-4403-87EB-85E25EA32C55}.Debug|x86.Build.0 = Debug|Any CPU
		{3608FC2B-CE79-4403-87EB-85E25EA32C55}.Release|Any CPU.ActiveCfg = Release|Any CPU
		{3608FC2B-CE79-4403-87EB-85E25EA32C55}.Release|Any CPU.Build.0 = Release|Any CPU
		{3608FC2B-CE79-4403-87EB-85E25EA32C55}.Release|Mixed Platforms.ActiveCfg = Release|Any CPU
		{3608FC2B-CE79-4403-87EB-85E25EA32C55}.Release|Mixed Platforms.Build.0 = Release|Any CPU
		{3608FC2B-CE79-4403-87EB-85E25EA32C55}.Release|x86.ActiveCfg = Release|Any CPU
		{3608FC2B-CE79-4403-87EB-85E25EA32C55}.Release|x86.Build.0 = Release|Any CPU
		{A2429A9E-87F1-434E-B96C-EF6CB3995AD5}.Debug|Any CPU.ActiveCfg = Debug|Any CPU
		{A2429A9E-87F1-434E-B96C-EF6CB3995AD5}.Debug|Any CPU.Build.0 = Debug|Any CPU
		{A2429A9E-87F1-434E-B96C-EF6CB3995AD5}.Debug|Mixed Platforms.ActiveCfg = Debug|Any CPU
		{A2429A9E-87F1-434E-B96C-EF6CB3995AD5}.Debug|Mixed Platforms.Build.0 = Debug|Any CPU
		{A2429A9E-87F1-434E-B96C-EF6CB3995AD5}.Debug|x86.ActiveCfg = Debug|Any CPU
		{A2429A9E-87F1-434E-B96C-EF6CB3995AD5}.Debug|x86.Build.0 = Debug|Any CPU
		{A2429A9E-87F1-434E-B96C-EF6CB3995AD5}.Release|Any CPU.ActiveCfg = Release|Any CPU
		{A2429A9E-87F1-434E-B96C-EF6CB3995AD5}.Release|Any CPU.Build.0 = Release|Any CPU
		{A2429A9E-87F1-434E-B96C-EF6CB3995AD5}.Release|Mixed Platforms.ActiveCfg = Release|Any CPU
		{A2429A9E-87F1-434E-B96C-EF6CB3995AD5}.Release|Mixed Platforms.Build.0 = Release|Any CPU
		{A2429A9E-87F1-434E-B96C-EF6CB3995AD5}.Release|x86.ActiveCfg = Release|Any CPU
		{A2429A9E-87F1-434E-B96C-EF6CB3995AD5}.Release|x86.Build.0 = Release|Any CPU
		{A341DF8B-E882-4BC1-85DD-E7D88AF1F423}.Debug|Any CPU.ActiveCfg = Debug|Any CPU
		{A341DF8B-E882-4BC1-85DD-E7D88AF1F423}.Debug|Any CPU.Build.0 = Debug|Any CPU
		{A341DF8B-E882-4BC1-85DD-E7D88AF1F423}.Debug|Mixed Platforms.ActiveCfg = Debug|Any CPU
		{A341DF8B-E882-4BC1-85DD-E7D88AF1F423}.Debug|Mixed Platforms.Build.0 = Debug|Any CPU
		{A341DF8B-E882-4BC1-85DD-E7D88AF1F423}.Debug|x86.ActiveCfg = Debug|Any CPU
		{A341DF8B-E882-4BC1-85DD-E7D88AF1F423}.Debug|x86.Build.0 = Debug|Any CPU
		{A341DF8B-E882-4BC1-85DD-E7D88AF1F423}.Release|Any CPU.ActiveCfg = Release|Any CPU
		{A341DF8B-E882-4BC1-85DD-E7D88AF1F423}.Release|Any CPU.Build.0 = Release|Any CPU
		{A341DF8B-E882-4BC1-85DD-E7D88AF1F423}.Release|Mixed Platforms.ActiveCfg = Release|Any CPU
		{A341DF8B-E882-4BC1-85DD-E7D88AF1F423}.Release|Mixed Platforms.Build.0 = Release|Any CPU
		{A341DF8B-E882-4BC1-85DD-E7D88AF1F423}.Release|x86.ActiveCfg = Release|Any CPU
		{A341DF8B-E882-4BC1-85DD-E7D88AF1F423}.Release|x86.Build.0 = Release|Any CPU
		{C94634C8-4EF3-4460-95D1-97519DED7B55}.Debug|Any CPU.ActiveCfg = Debug|Any CPU
		{C94634C8-4EF3-4460-95D1-97519DED7B55}.Debug|Any CPU.Build.0 = Debug|Any CPU
		{C94634C8-4EF3-4460-95D1-97519DED7B55}.Debug|Mixed Platforms.ActiveCfg = Debug|Any CPU
		{C94634C8-4EF3-4460-95D1-97519DED7B55}.Debug|Mixed Platforms.Build.0 = Debug|Any CPU
		{C94634C8-4EF3-4460-95D1-97519DED7B55}.Debug|x86.ActiveCfg = Debug|Any CPU
		{C94634C8-4EF3-4460-95D1-97519DED7B55}.Debug|x86.Build.0 = Debug|Any CPU
		{C94634C8-4EF3-4460-95D1-97519DED7B55}.Release|Any CPU.ActiveCfg = Release|Any CPU
		{C94634C8-4EF3-4460-95D1-97519DED7B55}.Release|Any CPU.Build.0 = Release|Any CPU
		{C94634C8-4EF3-4460-95D1-97519DED7B55}.Release|Mixed Platforms.ActiveCfg = Release|Any CPU
		{C94634C8-4EF3-4460-95D1-97519DED7B55}.Release|Mixed Platforms.Build.0 = Release|Any CPU
		{C94634C8-4EF3-4460-95D1-97519DED7B55}.Release|x86.ActiveCfg = Release|Any CPU
		{C94634C8-4EF3-4460-95D1-97519DED7B55}.Release|x86.Build.0 = Release|Any CPU
		{51CEA5A3-603A-44AA-8F35-D2BD31CD5479}.Debug|Any CPU.ActiveCfg = Debug|Any CPU
		{51CEA5A3-603A-44AA-8F35-D2BD31CD5479}.Debug|Any CPU.Build.0 = Debug|Any CPU
		{51CEA5A3-603A-44AA-8F35-D2BD31CD5479}.Debug|Mixed Platforms.ActiveCfg = Debug|Any CPU
		{51CEA5A3-603A-44AA-8F35-D2BD31CD5479}.Debug|Mixed Platforms.Build.0 = Debug|Any CPU
		{51CEA5A3-603A-44AA-8F35-D2BD31CD5479}.Debug|x86.ActiveCfg = Debug|Any CPU
		{51CEA5A3-603A-44AA-8F35-D2BD31CD5479}.Debug|x86.Build.0 = Debug|Any CPU
		{51CEA5A3-603A-44AA-8F35-D2BD31CD5479}.Release|Any CPU.ActiveCfg = Release|Any CPU
		{51CEA5A3-603A-44AA-8F35-D2BD31CD5479}.Release|Any CPU.Build.0 = Release|Any CPU
		{51CEA5A3-603A-44AA-8F35-D2BD31CD5479}.Release|Mixed Platforms.ActiveCfg = Release|Any CPU
		{51CEA5A3-603A-44AA-8F35-D2BD31CD5479}.Release|Mixed Platforms.Build.0 = Release|Any CPU
		{51CEA5A3-603A-44AA-8F35-D2BD31CD5479}.Release|x86.ActiveCfg = Release|Any CPU
		{51CEA5A3-603A-44AA-8F35-D2BD31CD5479}.Release|x86.Build.0 = Release|Any CPU
		{A081C052-AF34-4D40-8079-2762183EA195}.Debug|Any CPU.ActiveCfg = Debug|Any CPU
		{A081C052-AF34-4D40-8079-2762183EA195}.Debug|Any CPU.Build.0 = Debug|Any CPU
		{A081C052-AF34-4D40-8079-2762183EA195}.Debug|Mixed Platforms.ActiveCfg = Debug|Any CPU
		{A081C052-AF34-4D40-8079-2762183EA195}.Debug|Mixed Platforms.Build.0 = Debug|Any CPU
		{A081C052-AF34-4D40-8079-2762183EA195}.Debug|x86.ActiveCfg = Debug|Any CPU
		{A081C052-AF34-4D40-8079-2762183EA195}.Debug|x86.Build.0 = Debug|Any CPU
		{A081C052-AF34-4D40-8079-2762183EA195}.Release|Any CPU.ActiveCfg = Release|Any CPU
		{A081C052-AF34-4D40-8079-2762183EA195}.Release|Any CPU.Build.0 = Release|Any CPU
		{A081C052-AF34-4D40-8079-2762183EA195}.Release|Mixed Platforms.ActiveCfg = Release|Any CPU
		{A081C052-AF34-4D40-8079-2762183EA195}.Release|Mixed Platforms.Build.0 = Release|Any CPU
		{A081C052-AF34-4D40-8079-2762183EA195}.Release|x86.ActiveCfg = Release|Any CPU
		{A081C052-AF34-4D40-8079-2762183EA195}.Release|x86.Build.0 = Release|Any CPU
		{DD2A4A8B-8454-46F1-8E02-C9FB27B995C7}.Debug|Any CPU.ActiveCfg = Debug|Any CPU
		{DD2A4A8B-8454-46F1-8E02-C9FB27B995C7}.Debug|Any CPU.Build.0 = Debug|Any CPU
		{DD2A4A8B-8454-46F1-8E02-C9FB27B995C7}.Debug|Mixed Platforms.ActiveCfg = Debug|Any CPU
		{DD2A4A8B-8454-46F1-8E02-C9FB27B995C7}.Debug|Mixed Platforms.Build.0 = Debug|Any CPU
		{DD2A4A8B-8454-46F1-8E02-C9FB27B995C7}.Debug|x86.ActiveCfg = Debug|Any CPU
		{DD2A4A8B-8454-46F1-8E02-C9FB27B995C7}.Debug|x86.Build.0 = Debug|Any CPU
		{DD2A4A8B-8454-46F1-8E02-C9FB27B995C7}.Release|Any CPU.ActiveCfg = Release|Any CPU
		{DD2A4A8B-8454-46F1-8E02-C9FB27B995C7}.Release|Any CPU.Build.0 = Release|Any CPU
		{DD2A4A8B-8454-46F1-8E02-C9FB27B995C7}.Release|Mixed Platforms.ActiveCfg = Release|Any CPU
		{DD2A4A8B-8454-46F1-8E02-C9FB27B995C7}.Release|Mixed Platforms.Build.0 = Release|Any CPU
		{DD2A4A8B-8454-46F1-8E02-C9FB27B995C7}.Release|x86.ActiveCfg = Release|Any CPU
		{DD2A4A8B-8454-46F1-8E02-C9FB27B995C7}.Release|x86.Build.0 = Release|Any CPU
		{14E4DF76-DAE6-43BE-B4C1-1C6896E56CDA}.Debug|Any CPU.ActiveCfg = Debug|Any CPU
		{14E4DF76-DAE6-43BE-B4C1-1C6896E56CDA}.Debug|Any CPU.Build.0 = Debug|Any CPU
		{14E4DF76-DAE6-43BE-B4C1-1C6896E56CDA}.Debug|Mixed Platforms.ActiveCfg = Debug|Any CPU
		{14E4DF76-DAE6-43BE-B4C1-1C6896E56CDA}.Debug|Mixed Platforms.Build.0 = Debug|Any CPU
		{14E4DF76-DAE6-43BE-B4C1-1C6896E56CDA}.Debug|x86.ActiveCfg = Debug|Any CPU
		{14E4DF76-DAE6-43BE-B4C1-1C6896E56CDA}.Debug|x86.Build.0 = Debug|Any CPU
		{14E4DF76-DAE6-43BE-B4C1-1C6896E56CDA}.Release|Any CPU.ActiveCfg = Release|Any CPU
		{14E4DF76-DAE6-43BE-B4C1-1C6896E56CDA}.Release|Any CPU.Build.0 = Release|Any CPU
		{14E4DF76-DAE6-43BE-B4C1-1C6896E56CDA}.Release|Mixed Platforms.ActiveCfg = Release|Any CPU
		{14E4DF76-DAE6-43BE-B4C1-1C6896E56CDA}.Release|Mixed Platforms.Build.0 = Release|Any CPU
		{14E4DF76-DAE6-43BE-B4C1-1C6896E56CDA}.Release|x86.ActiveCfg = Release|Any CPU
		{14E4DF76-DAE6-43BE-B4C1-1C6896E56CDA}.Release|x86.Build.0 = Release|Any CPU
		{3598955A-CBD1-47A8-89C0-4288545C8F39}.Debug|Any CPU.ActiveCfg = Debug|Any CPU
		{3598955A-CBD1-47A8-89C0-4288545C8F39}.Debug|Any CPU.Build.0 = Debug|Any CPU
		{3598955A-CBD1-47A8-89C0-4288545C8F39}.Debug|Mixed Platforms.ActiveCfg = Debug|Any CPU
		{3598955A-CBD1-47A8-89C0-4288545C8F39}.Debug|Mixed Platforms.Build.0 = Debug|Any CPU
		{3598955A-CBD1-47A8-89C0-4288545C8F39}.Debug|x86.ActiveCfg = Debug|Any CPU
		{3598955A-CBD1-47A8-89C0-4288545C8F39}.Debug|x86.Build.0 = Debug|Any CPU
		{3598955A-CBD1-47A8-89C0-4288545C8F39}.Release|Any CPU.ActiveCfg = Release|Any CPU
		{3598955A-CBD1-47A8-89C0-4288545C8F39}.Release|Any CPU.Build.0 = Release|Any CPU
		{3598955A-CBD1-47A8-89C0-4288545C8F39}.Release|Mixed Platforms.ActiveCfg = Release|Any CPU
		{3598955A-CBD1-47A8-89C0-4288545C8F39}.Release|Mixed Platforms.Build.0 = Release|Any CPU
		{3598955A-CBD1-47A8-89C0-4288545C8F39}.Release|x86.ActiveCfg = Release|Any CPU
		{3598955A-CBD1-47A8-89C0-4288545C8F39}.Release|x86.Build.0 = Release|Any CPU
		{8789ED42-56B6-4174-9B6A-5A0F3BB5268C}.Debug|Any CPU.ActiveCfg = Debug|Any CPU
		{8789ED42-56B6-4174-9B6A-5A0F3BB5268C}.Debug|Any CPU.Build.0 = Debug|Any CPU
		{8789ED42-56B6-4174-9B6A-5A0F3BB5268C}.Debug|Mixed Platforms.ActiveCfg = Debug|Any CPU
		{8789ED42-56B6-4174-9B6A-5A0F3BB5268C}.Debug|Mixed Platforms.Build.0 = Debug|Any CPU
		{8789ED42-56B6-4174-9B6A-5A0F3BB5268C}.Debug|x86.ActiveCfg = Debug|Any CPU
		{8789ED42-56B6-4174-9B6A-5A0F3BB5268C}.Debug|x86.Build.0 = Debug|Any CPU
		{8789ED42-56B6-4174-9B6A-5A0F3BB5268C}.Release|Any CPU.ActiveCfg = Release|Any CPU
		{8789ED42-56B6-4174-9B6A-5A0F3BB5268C}.Release|Any CPU.Build.0 = Release|Any CPU
		{8789ED42-56B6-4174-9B6A-5A0F3BB5268C}.Release|Mixed Platforms.ActiveCfg = Release|Any CPU
		{8789ED42-56B6-4174-9B6A-5A0F3BB5268C}.Release|Mixed Platforms.Build.0 = Release|Any CPU
		{8789ED42-56B6-4174-9B6A-5A0F3BB5268C}.Release|x86.ActiveCfg = Release|Any CPU
		{8789ED42-56B6-4174-9B6A-5A0F3BB5268C}.Release|x86.Build.0 = Release|Any CPU
		{10398045-DF1C-432F-8D45-7C7490F4EEA9}.Debug|Any CPU.ActiveCfg = Debug|Any CPU
		{10398045-DF1C-432F-8D45-7C7490F4EEA9}.Debug|Any CPU.Build.0 = Debug|Any CPU
		{10398045-DF1C-432F-8D45-7C7490F4EEA9}.Debug|Mixed Platforms.ActiveCfg = Debug|Any CPU
		{10398045-DF1C-432F-8D45-7C7490F4EEA9}.Debug|Mixed Platforms.Build.0 = Debug|Any CPU
		{10398045-DF1C-432F-8D45-7C7490F4EEA9}.Debug|x86.ActiveCfg = Debug|Any CPU
		{10398045-DF1C-432F-8D45-7C7490F4EEA9}.Debug|x86.Build.0 = Debug|Any CPU
		{10398045-DF1C-432F-8D45-7C7490F4EEA9}.Release|Any CPU.ActiveCfg = Release|Any CPU
		{10398045-DF1C-432F-8D45-7C7490F4EEA9}.Release|Any CPU.Build.0 = Release|Any CPU
		{10398045-DF1C-432F-8D45-7C7490F4EEA9}.Release|Mixed Platforms.ActiveCfg = Release|Any CPU
		{10398045-DF1C-432F-8D45-7C7490F4EEA9}.Release|Mixed Platforms.Build.0 = Release|Any CPU
		{10398045-DF1C-432F-8D45-7C7490F4EEA9}.Release|x86.ActiveCfg = Release|Any CPU
		{10398045-DF1C-432F-8D45-7C7490F4EEA9}.Release|x86.Build.0 = Release|Any CPU
		{D194F385-80BB-46C8-BA86-DFB8697D81F3}.Debug|Any CPU.ActiveCfg = Debug|Any CPU
		{D194F385-80BB-46C8-BA86-DFB8697D81F3}.Debug|Any CPU.Build.0 = Debug|Any CPU
		{D194F385-80BB-46C8-BA86-DFB8697D81F3}.Debug|Mixed Platforms.ActiveCfg = Debug|Any CPU
		{D194F385-80BB-46C8-BA86-DFB8697D81F3}.Debug|Mixed Platforms.Build.0 = Debug|Any CPU
		{D194F385-80BB-46C8-BA86-DFB8697D81F3}.Debug|x86.ActiveCfg = Debug|Any CPU
		{D194F385-80BB-46C8-BA86-DFB8697D81F3}.Debug|x86.Build.0 = Debug|Any CPU
		{D194F385-80BB-46C8-BA86-DFB8697D81F3}.Release|Any CPU.ActiveCfg = Release|Any CPU
		{D194F385-80BB-46C8-BA86-DFB8697D81F3}.Release|Any CPU.Build.0 = Release|Any CPU
		{D194F385-80BB-46C8-BA86-DFB8697D81F3}.Release|Mixed Platforms.ActiveCfg = Release|Any CPU
		{D194F385-80BB-46C8-BA86-DFB8697D81F3}.Release|Mixed Platforms.Build.0 = Release|Any CPU
		{D194F385-80BB-46C8-BA86-DFB8697D81F3}.Release|x86.ActiveCfg = Release|Any CPU
		{D194F385-80BB-46C8-BA86-DFB8697D81F3}.Release|x86.Build.0 = Release|Any CPU
		{3C0D77C0-B85D-4783-9054-949659077032}.Debug|Any CPU.ActiveCfg = Debug|Any CPU
		{3C0D77C0-B85D-4783-9054-949659077032}.Debug|Any CPU.Build.0 = Debug|Any CPU
		{3C0D77C0-B85D-4783-9054-949659077032}.Debug|Mixed Platforms.ActiveCfg = Debug|Any CPU
		{3C0D77C0-B85D-4783-9054-949659077032}.Debug|Mixed Platforms.Build.0 = Debug|Any CPU
		{3C0D77C0-B85D-4783-9054-949659077032}.Debug|x86.ActiveCfg = Debug|Any CPU
		{3C0D77C0-B85D-4783-9054-949659077032}.Debug|x86.Build.0 = Debug|Any CPU
		{3C0D77C0-B85D-4783-9054-949659077032}.Release|Any CPU.ActiveCfg = Release|Any CPU
		{3C0D77C0-B85D-4783-9054-949659077032}.Release|Any CPU.Build.0 = Release|Any CPU
		{3C0D77C0-B85D-4783-9054-949659077032}.Release|Mixed Platforms.ActiveCfg = Release|Any CPU
		{3C0D77C0-B85D-4783-9054-949659077032}.Release|Mixed Platforms.Build.0 = Release|Any CPU
		{3C0D77C0-B85D-4783-9054-949659077032}.Release|x86.ActiveCfg = Release|Any CPU
		{3C0D77C0-B85D-4783-9054-949659077032}.Release|x86.Build.0 = Release|Any CPU
	EndGlobalSection
	GlobalSection(SolutionProperties) = preSolution
		HideSolutionNode = FALSE
	EndGlobalSection
	GlobalSection(NestedProjects) = preSolution
		{E099E749-0434-4B18-A266-6F1F2344B311} = {DDBB413F-EDD5-4D61-97E5-A48AE8DF958C}
		{3B1B823E-C69D-4F27-9459-41BA1DF1C538} = {DDBB413F-EDD5-4D61-97E5-A48AE8DF958C}
		{D17F4C06-4712-4B51-AF19-584C50C0498D} = {DDBB413F-EDD5-4D61-97E5-A48AE8DF958C}
		{3F1C3CB3-3A57-4E01-AE6F-290FFE967757} = {DDBB413F-EDD5-4D61-97E5-A48AE8DF958C}
		{6FE0D090-F648-4D8A-8047-5403A9ECC4E3} = {DDBB413F-EDD5-4D61-97E5-A48AE8DF958C}
		{60A40F50-A742-4360-AD38-ACB0A1E85486} = {DDBB413F-EDD5-4D61-97E5-A48AE8DF958C}
		{4D1D27E7-522D-4940-97CC-6AC064BED469} = {DDBB413F-EDD5-4D61-97E5-A48AE8DF958C}
		{DC11D3FF-63B4-4DBA-BF71-126BDB071D48} = {DDBB413F-EDD5-4D61-97E5-A48AE8DF958C}
		{E1FF350C-7274-4DC9-9031-7F6C2EB05C1A} = {DDBB413F-EDD5-4D61-97E5-A48AE8DF958C}
		{7373D34E-55D1-4DF7-B5D2-A7B8525DF968} = {DDBB413F-EDD5-4D61-97E5-A48AE8DF958C}
		{560ADC03-15B8-4016-961E-ECF8C3EECB37} = {DDBB413F-EDD5-4D61-97E5-A48AE8DF958C}
		{29854955-99BF-4A07-9997-B4819A92E9D9} = {DDBB413F-EDD5-4D61-97E5-A48AE8DF958C}
		{861A15DF-14C6-4D3D-8CDD-AA3A88635721} = {DDBB413F-EDD5-4D61-97E5-A48AE8DF958C}
		{E8AB3957-5744-4656-B21C-A8D8131BB9D2} = {45E95800-2C05-4039-A213-0DAD3EA96BD7}
		{4D8A39E7-2BF2-4228-BF46-2F2A10D0545F} = {45E95800-2C05-4039-A213-0DAD3EA96BD7}
		{ECD37682-DF7E-409F-912D-0965634556B5} = {45E95800-2C05-4039-A213-0DAD3EA96BD7}
		{A84FED81-A708-446C-9431-8F82F573EC64} = {45E95800-2C05-4039-A213-0DAD3EA96BD7}
		{1664EEFD-6247-413E-9FE0-6CA34D8CD132} = {313476C2-2663-4C74-87CD-66DDF62EF36F}
		{D16C0E9B-D001-4725-823F-37AD68AC1DC1} = {A899652E-BFB3-452D-8FDF-01104C9E135B}
		{8EBC66CF-2782-4CB8-BF13-68328EB9548E} = {A899652E-BFB3-452D-8FDF-01104C9E135B}
		{FD6F458B-3C8C-468D-8D2B-3CD3D1F06CD3} = {313476C2-2663-4C74-87CD-66DDF62EF36F}
		{021E6943-A1C5-4D90-B281-216FEEE044C9} = {DAF60A0B-7305-47B5-8A0F-C56892F1E423}
		{D2D66F3F-E721-4158-93CC-D5BC2CE2B933} = {DAF60A0B-7305-47B5-8A0F-C56892F1E423}
		{666DD155-EE9D-4552-A6BE-5A64EFC54AFC} = {DAF60A0B-7305-47B5-8A0F-C56892F1E423}
		{3608FC2B-CE79-4403-87EB-85E25EA32C55} = {DAF60A0B-7305-47B5-8A0F-C56892F1E423}
		{A2429A9E-87F1-434E-B96C-EF6CB3995AD5} = {DAF60A0B-7305-47B5-8A0F-C56892F1E423}
		{A341DF8B-E882-4BC1-85DD-E7D88AF1F423} = {DAF60A0B-7305-47B5-8A0F-C56892F1E423}
		{C94634C8-4EF3-4460-95D1-97519DED7B55} = {DAF60A0B-7305-47B5-8A0F-C56892F1E423}
		{51CEA5A3-603A-44AA-8F35-D2BD31CD5479} = {DAF60A0B-7305-47B5-8A0F-C56892F1E423}
		{A081C052-AF34-4D40-8079-2762183EA195} = {DAF60A0B-7305-47B5-8A0F-C56892F1E423}
		{DD2A4A8B-8454-46F1-8E02-C9FB27B995C7} = {DAF60A0B-7305-47B5-8A0F-C56892F1E423}
		{14E4DF76-DAE6-43BE-B4C1-1C6896E56CDA} = {DAF60A0B-7305-47B5-8A0F-C56892F1E423}
		{3598955A-CBD1-47A8-89C0-4288545C8F39} = {DAF60A0B-7305-47B5-8A0F-C56892F1E423}
		{8789ED42-56B6-4174-9B6A-5A0F3BB5268C} = {DAF60A0B-7305-47B5-8A0F-C56892F1E423}
		{10398045-DF1C-432F-8D45-7C7490F4EEA9} = {DAF60A0B-7305-47B5-8A0F-C56892F1E423}
		{D194F385-80BB-46C8-BA86-DFB8697D81F3} = {DAF60A0B-7305-47B5-8A0F-C56892F1E423}
		{3C0D77C0-B85D-4783-9054-949659077032} = {DDBB413F-EDD5-4D61-97E5-A48AE8DF958C}
	EndGlobalSection
	GlobalSection(ExtensibilityGlobals) = postSolution
		SolutionGuid = {A6FBB41C-CFA6-4BCC-9D21-5F1600C9CD7C}
	EndGlobalSection
EndGlobal
